
Microsoft Visual Studio Solution File, Format Version 12.00
# Visual Studio Version 17
VisualStudioVersion = 17.0.31903.59
MinimumVisualStudioVersion = 10.0.40219.1
Project("{2150E333-8FDC-42A3-9474-1A3956D46DE8}") = "src", "src", "{827E0CD3-B72D-47B6-A68D-7590B98EB39B}"
EndProject
Project("{2150E333-8FDC-42A3-9474-1A3956D46DE8}") = "Shared", "Shared", "{C8E42992-5E42-0C2B-DBFE-AA848D06431C}"
EndProject
Project("{FAE04EC0-301F-11D3-BF4B-00C04F79EFBC}") = "Shared.Core", "src\Shared\Shared.Core\Shared.Core.csproj", "{A84ABA2D-E617-43BB-9B71-6E7B0C9ED378}"
EndProject
Project("{FAE04EC0-301F-11D3-BF4B-00C04F79EFBC}") = "Shared.Data", "src\Shared\Shared.Data\Shared.Data.csproj", "{CC6751A4-4B26-4050-804F-6F8E47500EB0}"
EndProject
Project("{2150E333-8FDC-42A3-9474-1A3956D46DE8}") = "Services", "Services", "{984BB9B3-3FA3-BE33-9484-CAC21695A33C}"
EndProject
Project("{2150E333-8FDC-42A3-9474-1A3956D46DE8}") = "IdentityService", "IdentityService", "{3D2E8631-8982-4CD8-85A8-437089729894}"
EndProject
Project("{FAE04EC0-301F-11D3-BF4B-00C04F79EFBC}") = "IdentityService.Business", "src\Services\IdentityService\IdentityService.Business\IdentityService.Business.csproj", "{8DFA5D65-FD84-48FA-A7C5-217A6C38566E}"
EndProject
Project("{FAE04EC0-301F-11D3-BF4B-00C04F79EFBC}") = "IdentityService.API", "src\Services\IdentityService\IdentityService.API\IdentityService.API.csproj", "{CCA68466-96DD-444C-9F6D-EC86EB484C06}"
EndProject
Project("{2150E333-8FDC-42A3-9474-1A3956D46DE8}") = "ToDoService", "ToDoService", "{B262E713-B7F0-99F4-9E58-08C90363AD78}"
EndProject
Project("{FAE04EC0-301F-11D3-BF4B-00C04F79EFBC}") = "ToDoService.Business", "src\Services\ToDoService\ToDoService.Business\ToDoService.Business.csproj", "{05DCDE0B-32F1-4715-A6BD-B96A4FDEEE5D}"
EndProject
Project("{FAE04EC0-301F-11D3-BF4B-00C04F79EFBC}") = "ToDoService.API", "src\Services\ToDoService\ToDoService.API\ToDoService.API.csproj", "{9268BE9B-EA65-4987-9FE6-FDE96434E6D2}"
EndProject
Global
	GlobalSection(SolutionConfigurationPlatforms) = preSolution
		Debug|Any CPU = Debug|Any CPU
		Debug|x64 = Debug|x64
		Debug|x86 = Debug|x86
		Release|Any CPU = Release|Any CPU
		Release|x64 = Release|x64
		Release|x86 = Release|x86
	EndGlobalSection
	GlobalSection(ProjectConfigurationPlatforms) = postSolution
		{A84ABA2D-E617-43BB-9B71-6E7B0C9ED378}.Debug|Any CPU.ActiveCfg = Debug|Any CPU
		{A84ABA2D-E617-43BB-9B71-6E7B0C9ED378}.Debug|Any CPU.Build.0 = Debug|Any CPU
		{A84ABA2D-E617-43BB-9B71-6E7B0C9ED378}.Debug|x64.ActiveCfg = Debug|Any CPU
		{A84ABA2D-E617-43BB-9B71-6E7B0C9ED378}.Debug|x64.Build.0 = Debug|Any CPU
		{A84ABA2D-E617-43BB-9B71-6E7B0C9ED378}.Debug|x86.ActiveCfg = Debug|Any CPU
		{A84ABA2D-E617-43BB-9B71-6E7B0C9ED378}.Debug|x86.Build.0 = Debug|Any CPU
		{A84ABA2D-E617-43BB-9B71-6E7B0C9ED378}.Release|Any CPU.ActiveCfg = Release|Any CPU
		{A84ABA2D-E617-43BB-9B71-6E7B0C9ED378}.Release|Any CPU.Build.0 = Release|Any CPU
		{A84ABA2D-E617-43BB-9B71-6E7B0C9ED378}.Release|x64.ActiveCfg = Release|Any CPU
		{A84ABA2D-E617-43BB-9B71-6E7B0C9ED378}.Release|x64.Build.0 = Release|Any CPU
		{A84ABA2D-E617-43BB-9B71-6E7B0C9ED378}.Release|x86.ActiveCfg = Release|Any CPU
		{A84ABA2D-E617-43BB-9B71-6E7B0C9ED378}.Release|x86.Build.0 = Release|Any CPU
		{CC6751A4-4B26-4050-804F-6F8E47500EB0}.Debug|Any CPU.ActiveCfg = Debug|Any CPU
		{CC6751A4-4B26-4050-804F-6F8E47500EB0}.Debug|Any CPU.Build.0 = Debug|Any CPU
		{CC6751A4-4B26-4050-804F-6F8E47500EB0}.Debug|x64.ActiveCfg = Debug|Any CPU
		{CC6751A4-4B26-4050-804F-6F8E47500EB0}.Debug|x64.Build.0 = Debug|Any CPU
		{CC6751A4-4B26-4050-804F-6F8E47500EB0}.Debug|x86.ActiveCfg = Debug|Any CPU
		{CC6751A4-4B26-4050-804F-6F8E47500EB0}.Debug|x86.Build.0 = Debug|Any CPU
		{CC6751A4-4B26-4050-804F-6F8E47500EB0}.Release|Any CPU.ActiveCfg = Release|Any CPU
		{CC6751A4-4B26-4050-804F-6F8E47500EB0}.Release|Any CPU.Build.0 = Release|Any CPU
		{CC6751A4-4B26-4050-804F-6F8E47500EB0}.Release|x64.ActiveCfg = Release|Any CPU
		{CC6751A4-4B26-4050-804F-6F8E47500EB0}.Release|x64.Build.0 = Release|Any CPU
		{CC6751A4-4B26-4050-804F-6F8E47500EB0}.Release|x86.ActiveCfg = Release|Any CPU
		{CC6751A4-4B26-4050-804F-6F8E47500EB0}.Release|x86.Build.0 = Release|Any CPU
		{8DFA5D65-FD84-48FA-A7C5-217A6C38566E}.Debug|Any CPU.ActiveCfg = Debug|Any CPU
		{8DFA5D65-FD84-48FA-A7C5-217A6C38566E}.Debug|Any CPU.Build.0 = Debug|Any CPU
		{8DFA5D65-FD84-48FA-A7C5-217A6C38566E}.Debug|x64.ActiveCfg = Debug|Any CPU
		{8DFA5D65-FD84-48FA-A7C5-217A6C38566E}.Debug|x64.Build.0 = Debug|Any CPU
		{8DFA5D65-FD84-48FA-A7C5-217A6C38566E}.Debug|x86.ActiveCfg = Debug|Any CPU
		{8DFA5D65-FD84-48FA-A7C5-217A6C38566E}.Debug|x86.Build.0 = Debug|Any CPU
		{8DFA5D65-FD84-48FA-A7C5-217A6C38566E}.Release|Any CPU.ActiveCfg = Release|Any CPU
		{8DFA5D65-FD84-48FA-A7C5-217A6C38566E}.Release|Any CPU.Build.0 = Release|Any CPU
		{8DFA5D65-FD84-48FA-A7C5-217A6C38566E}.Release|x64.ActiveCfg = Release|Any CPU
		{8DFA5D65-FD84-48FA-A7C5-217A6C38566E}.Release|x64.Build.0 = Release|Any CPU
		{8DFA5D65-FD84-48FA-A7C5-217A6C38566E}.Release|x86.ActiveCfg = Release|Any CPU
		{8DFA5D65-FD84-48FA-A7C5-217A6C38566E}.Release|x86.Build.0 = Release|Any CPU
		{CCA68466-96DD-444C-9F6D-EC86EB484C06}.Debug|Any CPU.ActiveCfg = Debug|Any CPU
		{CCA68466-96DD-444C-9F6D-EC86EB484C06}.Debug|Any CPU.Build.0 = Debug|Any CPU
		{CCA68466-96DD-444C-9F6D-EC86EB484C06}.Debug|x64.ActiveCfg = Debug|Any CPU
		{CCA68466-96DD-444C-9F6D-EC86EB484C06}.Debug|x64.Build.0 = Debug|Any CPU
		{CCA68466-96DD-444C-9F6D-EC86EB484C06}.Debug|x86.ActiveCfg = Debug|Any CPU
		{CCA68466-96DD-444C-9F6D-EC86EB484C06}.Debug|x86.Build.0 = Debug|Any CPU
		{CCA68466-96DD-444C-9F6D-EC86EB484C06}.Release|Any CPU.ActiveCfg = Release|Any CPU
		{CCA68466-96DD-444C-9F6D-EC86EB484C06}.Release|Any CPU.Build.0 = Release|Any CPU
		{CCA68466-96DD-444C-9F6D-EC86EB484C06}.Release|x64.ActiveCfg = Release|Any CPU
		{CCA68466-96DD-444C-9F6D-EC86EB484C06}.Release|x64.Build.0 = Release|Any CPU
		{CCA68466-96DD-444C-9F6D-EC86EB484C06}.Release|x86.ActiveCfg = Release|Any CPU
		{CCA68466-96DD-444C-9F6D-EC86EB484C06}.Release|x86.Build.0 = Release|Any CPU
		{05DCDE0B-32F1-4715-A6BD-B96A4FDEEE5D}.Debug|Any CPU.ActiveCfg = Debug|Any CPU
		{05DCDE0B-32F1-4715-A6BD-B96A4FDEEE5D}.Debug|Any CPU.Build.0 = Debug|Any CPU
		{05DCDE0B-32F1-4715-A6BD-B96A4FDEEE5D}.Debug|x64.ActiveCfg = Debug|Any CPU
		{05DCDE0B-32F1-4715-A6BD-B96A4FDEEE5D}.Debug|x64.Build.0 = Debug|Any CPU
		{05DCDE0B-32F1-4715-A6BD-B96A4FDEEE5D}.Debug|x86.ActiveCfg = Debug|Any CPU
		{05DCDE0B-32F1-4715-A6BD-B96A4FDEEE5D}.Debug|x86.Build.0 = Debug|Any CPU
		{05DCDE0B-32F1-4715-A6BD-B96A4FDEEE5D}.Release|Any CPU.ActiveCfg = Release|Any CPU
		{05DCDE0B-32F1-4715-A6BD-B96A4FDEEE5D}.Release|Any CPU.Build.0 = Release|Any CPU
		{05DCDE0B-32F1-4715-A6BD-B96A4FDEEE5D}.Release|x64.ActiveCfg = Release|Any CPU
		{05DCDE0B-32F1-4715-A6BD-B96A4FDEEE5D}.Release|x64.Build.0 = Release|Any CPU
		{05DCDE0B-32F1-4715-A6BD-B96A4FDEEE5D}.Release|x86.ActiveCfg = Release|Any CPU
		{05DCDE0B-32F1-4715-A6BD-B96A4FDEEE5D}.Release|x86.Build.0 = Release|Any CPU
		{9268BE9B-EA65-4987-9FE6-FDE96434E6D2}.Debug|Any CPU.ActiveCfg = Debug|Any CPU
		{9268BE9B-EA65-4987-9FE6-FDE96434E6D2}.Debug|Any CPU.Build.0 = Debug|Any CPU
		{9268BE9B-EA65-4987-9FE6-FDE96434E6D2}.Debug|x64.ActiveCfg = Debug|Any CPU
		{9268BE9B-EA65-4987-9FE6-FDE96434E6D2}.Debug|x64.Build.0 = Debug|Any CPU
		{9268BE9B-EA65-4987-9FE6-FDE96434E6D2}.Debug|x86.ActiveCfg = Debug|Any CPU
		{9268BE9B-EA65-4987-9FE6-FDE96434E6D2}.Debug|x86.Build.0 = Debug|Any CPU
		{9268BE9B-EA65-4987-9FE6-FDE96434E6D2}.Release|Any CPU.ActiveCfg = Release|Any CPU
		{9268BE9B-EA65-4987-9FE6-FDE96434E6D2}.Release|Any CPU.Build.0 = Release|Any CPU
		{9268BE9B-EA65-4987-9FE6-FDE96434E6D2}.Release|x64.ActiveCfg = Release|Any CPU
		{9268BE9B-EA65-4987-9FE6-FDE96434E6D2}.Release|x64.Build.0 = Release|Any CPU
		{9268BE9B-EA65-4987-9FE6-FDE96434E6D2}.Release|x86.ActiveCfg = Release|Any CPU
		{9268BE9B-EA65-4987-9FE6-FDE96434E6D2}.Release|x86.Build.0 = Release|Any CPU
	EndGlobalSection
	GlobalSection(SolutionProperties) = preSolution
		HideSolutionNode = FALSE
	EndGlobalSection
	GlobalSection(NestedProjects) = preSolution
		{C8E42992-5E42-0C2B-DBFE-AA848D06431C} = {827E0CD3-B72D-47B6-A68D-7590B98EB39B}
		{A84ABA2D-E617-43BB-9B71-6E7B0C9ED378} = {C8E42992-5E42-0C2B-DBFE-AA848D06431C}
		{CC6751A4-4B26-4050-804F-6F8E47500EB0} = {C8E42992-5E42-0C2B-DBFE-AA848D06431C}
		{984BB9B3-3FA3-BE33-9484-CAC21695A33C} = {827E0CD3-B72D-47B6-A68D-7590B98EB39B}
		{3D2E8631-8982-4CD8-85A8-437089729894} = {984BB9B3-3FA3-BE33-9484-CAC21695A33C}
		{8DFA5D65-FD84-48FA-A7C5-217A6C38566E} = {3D2E8631-8982-4CD8-85A8-437089729894}
		{CCA68466-96DD-444C-9F6D-EC86EB484C06} = {3D2E8631-8982-4CD8-85A8-437089729894}
		{B262E713-B7F0-99F4-9E58-08C90363AD78} = {984BB9B3-3FA3-BE33-9484-CAC21695A33C}
		{05DCDE0B-32F1-4715-A6BD-B96A4FDEEE5D} = {B262E713-B7F0-99F4-9E58-08C90363AD78}
		{9268BE9B-EA65-4987-9FE6-FDE96434E6D2} = {B262E713-B7F0-99F4-9E58-08C90363AD78}
	EndGlobalSection
	GlobalSection(ExtensibilityGlobals) = postSolution
		SolutionGuid = {871198D9-5303-44CC-9412-6EFC288AB811}
	EndGlobalSection
EndGlobal
